
Microsoft Visual Studio Solution File, Format Version 12.00
# Visual Studio Version 17
VisualStudioVersion = 17.9.34607.119
MinimumVisualStudioVersion = 10.0.40219.1
Project("{FAE04EC0-301F-11D3-BF4B-00C04F79EFBC}") = "project2.0", "project2.0\project2.0.csproj", "{E4A39E79-1518-44C7-8F1D-A54F6CAA4C58}"
EndProject
Global
	GlobalSection(SolutionConfigurationPlatforms) = preSolution
		Debug|Any CPU = Debug|Any CPU
		Release|Any CPU = Release|Any CPU
	EndGlobalSection
	GlobalSection(ProjectConfigurationPlatforms) = postSolution
		{E4A39E79-1518-44C7-8F1D-A54F6CAA4C58}.Debug|Any CPU.ActiveCfg = Debug|Any CPU
		{E4A39E79-1518-44C7-8F1D-A54F6CAA4C58}.Debug|Any CPU.Build.0 = Debug|Any CPU
		{E4A39E79-1518-44C7-8F1D-A54F6CAA4C58}.Release|Any CPU.ActiveCfg = Release|Any CPU
		{E4A39E79-1518-44C7-8F1D-A54F6CAA4C58}.Release|Any CPU.Build.0 = Release|Any CPU
	EndGlobalSection
	GlobalSection(SolutionProperties) = preSolution
		HideSolutionNode = FALSE
	EndGlobalSection
	GlobalSection(ExtensibilityGlobals) = postSolution
		SolutionGuid = {FF30ACF4-F411-4C39-A7B4-0B9B18179F53}
	EndGlobalSection
EndGlobal
